
Microsoft Visual Studio Solution File, Format Version 12.00
# Visual Studio 15
VisualStudioVersion = 15.0.27703.2000
MinimumVisualStudioVersion = 10.0.40219.1
Project("{FAE04EC0-301F-11D3-BF4B-00C04F79EFBC}") = "SpecialiseringsProjekt.Android", "SpecialiseringsProjekt\SpecialiseringsProjekt.Android\SpecialiseringsProjekt.Android.csproj", "{C434AC70-6C67-41CB-B5F5-2EAB36CE7C84}"
EndProject
Project("{FAE04EC0-301F-11D3-BF4B-00C04F79EFBC}") = "SpecialiseringsProjekt.iOS", "SpecialiseringsProjekt\SpecialiseringsProjekt.iOS\SpecialiseringsProjekt.iOS.csproj", "{1584AF2F-8899-453D-BBB4-AA1F94D53309}"
EndProject
Project("{FAE04EC0-301F-11D3-BF4B-00C04F79EFBC}") = "SpecialiseringsProjekt", "SpecialiseringsProjekt\SpecialiseringsProjekt\SpecialiseringsProjekt.csproj", "{60014501-6199-479A-8FBD-D050D8FC000C}"
EndProject
Global
	GlobalSection(SolutionConfigurationPlatforms) = preSolution
		Ad-Hoc|Any CPU = Ad-Hoc|Any CPU
		Ad-Hoc|iPhone = Ad-Hoc|iPhone
		Ad-Hoc|iPhoneSimulator = Ad-Hoc|iPhoneSimulator
		AppStore|Any CPU = AppStore|Any CPU
		AppStore|iPhone = AppStore|iPhone
		AppStore|iPhoneSimulator = AppStore|iPhoneSimulator
		Debug|Any CPU = Debug|Any CPU
		Debug|iPhone = Debug|iPhone
		Debug|iPhoneSimulator = Debug|iPhoneSimulator
		Release|Any CPU = Release|Any CPU
		Release|iPhone = Release|iPhone
		Release|iPhoneSimulator = Release|iPhoneSimulator
	EndGlobalSection
	GlobalSection(ProjectConfigurationPlatforms) = postSolution
		{C434AC70-6C67-41CB-B5F5-2EAB36CE7C84}.Ad-Hoc|Any CPU.ActiveCfg = Release|Any CPU
		{C434AC70-6C67-41CB-B5F5-2EAB36CE7C84}.Ad-Hoc|Any CPU.Build.0 = Release|Any CPU
		{C434AC70-6C67-41CB-B5F5-2EAB36CE7C84}.Ad-Hoc|Any CPU.Deploy.0 = Release|Any CPU
		{C434AC70-6C67-41CB-B5F5-2EAB36CE7C84}.Ad-Hoc|iPhone.ActiveCfg = Release|Any CPU
		{C434AC70-6C67-41CB-B5F5-2EAB36CE7C84}.Ad-Hoc|iPhone.Build.0 = Release|Any CPU
		{C434AC70-6C67-41CB-B5F5-2EAB36CE7C84}.Ad-Hoc|iPhone.Deploy.0 = Release|Any CPU
		{C434AC70-6C67-41CB-B5F5-2EAB36CE7C84}.Ad-Hoc|iPhoneSimulator.ActiveCfg = Release|Any CPU
		{C434AC70-6C67-41CB-B5F5-2EAB36CE7C84}.Ad-Hoc|iPhoneSimulator.Build.0 = Release|Any CPU
		{C434AC70-6C67-41CB-B5F5-2EAB36CE7C84}.Ad-Hoc|iPhoneSimulator.Deploy.0 = Release|Any CPU
		{C434AC70-6C67-41CB-B5F5-2EAB36CE7C84}.AppStore|Any CPU.ActiveCfg = Release|Any CPU
		{C434AC70-6C67-41CB-B5F5-2EAB36CE7C84}.AppStore|Any CPU.Build.0 = Release|Any CPU
		{C434AC70-6C67-41CB-B5F5-2EAB36CE7C84}.AppStore|Any CPU.Deploy.0 = Release|Any CPU
		{C434AC70-6C67-41CB-B5F5-2EAB36CE7C84}.AppStore|iPhone.ActiveCfg = Release|Any CPU
		{C434AC70-6C67-41CB-B5F5-2EAB36CE7C84}.AppStore|iPhone.Build.0 = Release|Any CPU
		{C434AC70-6C67-41CB-B5F5-2EAB36CE7C84}.AppStore|iPhone.Deploy.0 = Release|Any CPU
		{C434AC70-6C67-41CB-B5F5-2EAB36CE7C84}.AppStore|iPhoneSimulator.ActiveCfg = Release|Any CPU
		{C434AC70-6C67-41CB-B5F5-2EAB36CE7C84}.AppStore|iPhoneSimulator.Build.0 = Release|Any CPU
		{C434AC70-6C67-41CB-B5F5-2EAB36CE7C84}.AppStore|iPhoneSimulator.Deploy.0 = Release|Any CPU
		{C434AC70-6C67-41CB-B5F5-2EAB36CE7C84}.Debug|Any CPU.ActiveCfg = Debug|Any CPU
		{C434AC70-6C67-41CB-B5F5-2EAB36CE7C84}.Debug|Any CPU.Build.0 = Debug|Any CPU
		{C434AC70-6C67-41CB-B5F5-2EAB36CE7C84}.Debug|Any CPU.Deploy.0 = Debug|Any CPU
		{C434AC70-6C67-41CB-B5F5-2EAB36CE7C84}.Debug|iPhone.ActiveCfg = Debug|Any CPU
		{C434AC70-6C67-41CB-B5F5-2EAB36CE7C84}.Debug|iPhone.Build.0 = Debug|Any CPU
		{C434AC70-6C67-41CB-B5F5-2EAB36CE7C84}.Debug|iPhone.Deploy.0 = Debug|Any CPU
		{C434AC70-6C67-41CB-B5F5-2EAB36CE7C84}.Debug|iPhoneSimulator.ActiveCfg = Debug|Any CPU
		{C434AC70-6C67-41CB-B5F5-2EAB36CE7C84}.Debug|iPhoneSimulator.Build.0 = Debug|Any CPU
		{C434AC70-6C67-41CB-B5F5-2EAB36CE7C84}.Debug|iPhoneSimulator.Deploy.0 = Debug|Any CPU
		{C434AC70-6C67-41CB-B5F5-2EAB36CE7C84}.Release|Any CPU.ActiveCfg = Release|Any CPU
		{C434AC70-6C67-41CB-B5F5-2EAB36CE7C84}.Release|Any CPU.Build.0 = Release|Any CPU
		{C434AC70-6C67-41CB-B5F5-2EAB36CE7C84}.Release|Any CPU.Deploy.0 = Release|Any CPU
		{C434AC70-6C67-41CB-B5F5-2EAB36CE7C84}.Release|iPhone.ActiveCfg = Release|Any CPU
		{C434AC70-6C67-41CB-B5F5-2EAB36CE7C84}.Release|iPhone.Build.0 = Release|Any CPU
		{C434AC70-6C67-41CB-B5F5-2EAB36CE7C84}.Release|iPhone.Deploy.0 = Release|Any CPU
		{C434AC70-6C67-41CB-B5F5-2EAB36CE7C84}.Release|iPhoneSimulator.ActiveCfg = Release|Any CPU
		{C434AC70-6C67-41CB-B5F5-2EAB36CE7C84}.Release|iPhoneSimulator.Build.0 = Release|Any CPU
		{C434AC70-6C67-41CB-B5F5-2EAB36CE7C84}.Release|iPhoneSimulator.Deploy.0 = Release|Any CPU
		{1584AF2F-8899-453D-BBB4-AA1F94D53309}.Ad-Hoc|Any CPU.ActiveCfg = Ad-Hoc|iPhone
		{1584AF2F-8899-453D-BBB4-AA1F94D53309}.Ad-Hoc|Any CPU.Build.0 = Ad-Hoc|iPhone
		{1584AF2F-8899-453D-BBB4-AA1F94D53309}.Ad-Hoc|Any CPU.Deploy.0 = Ad-Hoc|iPhone
		{1584AF2F-8899-453D-BBB4-AA1F94D53309}.Ad-Hoc|iPhone.ActiveCfg = Ad-Hoc|iPhone
		{1584AF2F-8899-453D-BBB4-AA1F94D53309}.Ad-Hoc|iPhone.Build.0 = Ad-Hoc|iPhone
		{1584AF2F-8899-453D-BBB4-AA1F94D53309}.Ad-Hoc|iPhone.Deploy.0 = Ad-Hoc|iPhone
		{1584AF2F-8899-453D-BBB4-AA1F94D53309}.Ad-Hoc|iPhoneSimulator.ActiveCfg = Ad-Hoc|iPhoneSimulator
		{1584AF2F-8899-453D-BBB4-AA1F94D53309}.Ad-Hoc|iPhoneSimulator.Build.0 = Ad-Hoc|iPhoneSimulator
		{1584AF2F-8899-453D-BBB4-AA1F94D53309}.Ad-Hoc|iPhoneSimulator.Deploy.0 = Ad-Hoc|iPhoneSimulator
		{1584AF2F-8899-453D-BBB4-AA1F94D53309}.AppStore|Any CPU.ActiveCfg = AppStore|iPhone
		{1584AF2F-8899-453D-BBB4-AA1F94D53309}.AppStore|Any CPU.Build.0 = AppStore|iPhone
		{1584AF2F-8899-453D-BBB4-AA1F94D53309}.AppStore|Any CPU.Deploy.0 = AppStore|iPhone
		{1584AF2F-8899-453D-BBB4-AA1F94D53309}.AppStore|iPhone.ActiveCfg = AppStore|iPhone
		{1584AF2F-8899-453D-BBB4-AA1F94D53309}.AppStore|iPhone.Build.0 = AppStore|iPhone
		{1584AF2F-8899-453D-BBB4-AA1F94D53309}.AppStore|iPhone.Deploy.0 = AppStore|iPhone
		{1584AF2F-8899-453D-BBB4-AA1F94D53309}.AppStore|iPhoneSimulator.ActiveCfg = AppStore|iPhoneSimulator
		{1584AF2F-8899-453D-BBB4-AA1F94D53309}.AppStore|iPhoneSimulator.Build.0 = AppStore|iPhoneSimulator
		{1584AF2F-8899-453D-BBB4-AA1F94D53309}.AppStore|iPhoneSimulator.Deploy.0 = AppStore|iPhoneSimulator
		{1584AF2F-8899-453D-BBB4-AA1F94D53309}.Debug|Any CPU.ActiveCfg = Debug|iPhoneSimulator
		{1584AF2F-8899-453D-BBB4-AA1F94D53309}.Debug|Any CPU.Build.0 = Debug|iPhoneSimulator
		{1584AF2F-8899-453D-BBB4-AA1F94D53309}.Debug|Any CPU.Deploy.0 = Debug|iPhoneSimulator
		{1584AF2F-8899-453D-BBB4-AA1F94D53309}.Debug|iPhone.ActiveCfg = Debug|iPhone
		{1584AF2F-8899-453D-BBB4-AA1F94D53309}.Debug|iPhone.Build.0 = Debug|iPhone
		{1584AF2F-8899-453D-BBB4-AA1F94D53309}.Debug|iPhone.Deploy.0 = Debug|iPhone
		{1584AF2F-8899-453D-BBB4-AA1F94D53309}.Debug|iPhoneSimulator.ActiveCfg = Debug|iPhoneSimulator
		{1584AF2F-8899-453D-BBB4-AA1F94D53309}.Debug|iPhoneSimulator.Build.0 = Debug|iPhoneSimulator
		{1584AF2F-8899-453D-BBB4-AA1F94D53309}.Debug|iPhoneSimulator.Deploy.0 = Debug|iPhoneSimulator
		{1584AF2F-8899-453D-BBB4-AA1F94D53309}.Release|Any CPU.ActiveCfg = Release|iPhone
		{1584AF2F-8899-453D-BBB4-AA1F94D53309}.Release|Any CPU.Build.0 = Release|iPhone
		{1584AF2F-8899-453D-BBB4-AA1F94D53309}.Release|Any CPU.Deploy.0 = Release|iPhone
		{1584AF2F-8899-453D-BBB4-AA1F94D53309}.Release|iPhone.ActiveCfg = Release|iPhone
		{1584AF2F-8899-453D-BBB4-AA1F94D53309}.Release|iPhone.Build.0 = Release|iPhone
		{1584AF2F-8899-453D-BBB4-AA1F94D53309}.Release|iPhone.Deploy.0 = Release|iPhone
		{1584AF2F-8899-453D-BBB4-AA1F94D53309}.Release|iPhoneSimulator.ActiveCfg = Release|iPhoneSimulator
		{1584AF2F-8899-453D-BBB4-AA1F94D53309}.Release|iPhoneSimulator.Build.0 = Release|iPhoneSimulator
		{1584AF2F-8899-453D-BBB4-AA1F94D53309}.Release|iPhoneSimulator.Deploy.0 = Release|iPhoneSimulator
		{60014501-6199-479A-8FBD-D050D8FC000C}.Ad-Hoc|Any CPU.ActiveCfg = Debug|Any CPU
		{60014501-6199-479A-8FBD-D050D8FC000C}.Ad-Hoc|Any CPU.Build.0 = Debug|Any CPU
		{60014501-6199-479A-8FBD-D050D8FC000C}.Ad-Hoc|Any CPU.Deploy.0 = Debug|Any CPU
		{60014501-6199-479A-8FBD-D050D8FC000C}.Ad-Hoc|iPhone.ActiveCfg = Debug|Any CPU
		{60014501-6199-479A-8FBD-D050D8FC000C}.Ad-Hoc|iPhone.Build.0 = Debug|Any CPU
		{60014501-6199-479A-8FBD-D050D8FC000C}.Ad-Hoc|iPhone.Deploy.0 = Debug|Any CPU
		{60014501-6199-479A-8FBD-D050D8FC000C}.Ad-Hoc|iPhoneSimulator.ActiveCfg = Debug|Any CPU
		{60014501-6199-479A-8FBD-D050D8FC000C}.Ad-Hoc|iPhoneSimulator.Build.0 = Debug|Any CPU
		{60014501-6199-479A-8FBD-D050D8FC000C}.Ad-Hoc|iPhoneSimulator.Deploy.0 = Debug|Any CPU
		{60014501-6199-479A-8FBD-D050D8FC000C}.AppStore|Any CPU.ActiveCfg = Debug|Any CPU
		{60014501-6199-479A-8FBD-D050D8FC000C}.AppStore|Any CPU.Build.0 = Debug|Any CPU
		{60014501-6199-479A-8FBD-D050D8FC000C}.AppStore|Any CPU.Deploy.0 = Debug|Any CPU
		{60014501-6199-479A-8FBD-D050D8FC000C}.AppStore|iPhone.ActiveCfg = Debug|Any CPU
		{60014501-6199-479A-8FBD-D050D8FC000C}.AppStore|iPhone.Build.0 = Debug|Any CPU
		{60014501-6199-479A-8FBD-D050D8FC000C}.AppStore|iPhone.Deploy.0 = Debug|Any CPU
		{60014501-6199-479A-8FBD-D050D8FC000C}.AppStore|iPhoneSimulator.ActiveCfg = Debug|Any CPU
		{60014501-6199-479A-8FBD-D050D8FC000C}.AppStore|iPhoneSimulator.Build.0 = Debug|Any CPU
		{60014501-6199-479A-8FBD-D050D8FC000C}.AppStore|iPhoneSimulator.Deploy.0 = Debug|Any CPU
		{60014501-6199-479A-8FBD-D050D8FC000C}.Debug|Any CPU.ActiveCfg = Debug|Any CPU
		{60014501-6199-479A-8FBD-D050D8FC000C}.Debug|Any CPU.Build.0 = Debug|Any CPU
		{60014501-6199-479A-8FBD-D050D8FC000C}.Debug|Any CPU.Deploy.0 = Debug|Any CPU
		{60014501-6199-479A-8FBD-D050D8FC000C}.Debug|iPhone.ActiveCfg = Debug|Any CPU
		{60014501-6199-479A-8FBD-D050D8FC000C}.Debug|iPhone.Build.0 = Debug|Any CPU
		{60014501-6199-479A-8FBD-D050D8FC000C}.Debug|iPhone.Deploy.0 = Debug|Any CPU
		{60014501-6199-479A-8FBD-D050D8FC000C}.Debug|iPhoneSimulator.ActiveCfg = Debug|Any CPU
		{60014501-6199-479A-8FBD-D050D8FC000C}.Debug|iPhoneSimulator.Build.0 = Debug|Any CPU
		{60014501-6199-479A-8FBD-D050D8FC000C}.Debug|iPhoneSimulator.Deploy.0 = Debug|Any CPU
		{60014501-6199-479A-8FBD-D050D8FC000C}.Release|Any CPU.ActiveCfg = Release|Any CPU
		{60014501-6199-479A-8FBD-D050D8FC000C}.Release|Any CPU.Build.0 = Release|Any CPU
		{60014501-6199-479A-8FBD-D050D8FC000C}.Release|Any CPU.Deploy.0 = Release|Any CPU
		{60014501-6199-479A-8FBD-D050D8FC000C}.Release|iPhone.ActiveCfg = Release|Any CPU
		{60014501-6199-479A-8FBD-D050D8FC000C}.Release|iPhone.Build.0 = Release|Any CPU
		{60014501-6199-479A-8FBD-D050D8FC000C}.Release|iPhone.Deploy.0 = Release|Any CPU
		{60014501-6199-479A-8FBD-D050D8FC000C}.Release|iPhoneSimulator.ActiveCfg = Release|Any CPU
		{60014501-6199-479A-8FBD-D050D8FC000C}.Release|iPhoneSimulator.Build.0 = Release|Any CPU
		{60014501-6199-479A-8FBD-D050D8FC000C}.Release|iPhoneSimulator.Deploy.0 = Release|Any CPU
	EndGlobalSection
	GlobalSection(SolutionProperties) = preSolution
		HideSolutionNode = FALSE
	EndGlobalSection
	GlobalSection(ExtensibilityGlobals) = postSolution
		SolutionGuid = {2702B5E9-87E7-4E84-8359-4B44EFAFEF37}
	EndGlobalSection
EndGlobal
